
Microsoft Visual Studio Solution File, Format Version 12.00
# Visual Studio Version 17
VisualStudioVersion = 17.1.32319.34
MinimumVisualStudioVersion = 10.0.40219.1
Project("{9A19103F-16F7-4668-BE54-9A1E7A4F7556}") = "Data", "Data\Data.csproj", "{E52F9B6B-E73A-4C30-98EE-FE9B5920559E}"
EndProject
Project("{9A19103F-16F7-4668-BE54-9A1E7A4F7556}") = "Logic", "Logic\Logic.csproj", "{26862D24-DA46-4202-893E-D376363D6377}"
EndProject
Project("{9A19103F-16F7-4668-BE54-9A1E7A4F7556}") = "Model", "Model\Model.csproj", "{77242D47-2D50-478E-AB26-0616065BED44}"
EndProject
Project("{9A19103F-16F7-4668-BE54-9A1E7A4F7556}") = "ViewModel", "ViewModel\ViewModel.csproj", "{5B6E6421-DC2B-4BA1-A48A-FD3C7F628DE8}"
EndProject
Project("{9A19103F-16F7-4668-BE54-9A1E7A4F7556}") = "View", "View\View.csproj", "{BD1F3EE5-5521-4AD3-B299-336156763F92}"
EndProject
Project("{9A19103F-16F7-4668-BE54-9A1E7A4F7556}") = "LogicTest", "LogicTest\LogicTest.csproj", "{8CA6AE31-2649-4088-9690-28C0085D8836}"
EndProject
Project("{FAE04EC0-301F-11D3-BF4B-00C04F79EFBC}") = "DataTest", "DataTests\DataTest.csproj", "{314ED51D-14E4-4363-9BF1-60465550480E}"
EndProject
Global
	GlobalSection(SolutionConfigurationPlatforms) = preSolution
		Debug|Any CPU = Debug|Any CPU
		Release|Any CPU = Release|Any CPU
	EndGlobalSection
	GlobalSection(ProjectConfigurationPlatforms) = postSolution
		{E52F9B6B-E73A-4C30-98EE-FE9B5920559E}.Debug|Any CPU.ActiveCfg = Debug|Any CPU
		{E52F9B6B-E73A-4C30-98EE-FE9B5920559E}.Debug|Any CPU.Build.0 = Debug|Any CPU
		{E52F9B6B-E73A-4C30-98EE-FE9B5920559E}.Release|Any CPU.ActiveCfg = Release|Any CPU
		{E52F9B6B-E73A-4C30-98EE-FE9B5920559E}.Release|Any CPU.Build.0 = Release|Any CPU
		{26862D24-DA46-4202-893E-D376363D6377}.Debug|Any CPU.ActiveCfg = Debug|Any CPU
		{26862D24-DA46-4202-893E-D376363D6377}.Debug|Any CPU.Build.0 = Debug|Any CPU
		{26862D24-DA46-4202-893E-D376363D6377}.Release|Any CPU.ActiveCfg = Release|Any CPU
		{26862D24-DA46-4202-893E-D376363D6377}.Release|Any CPU.Build.0 = Release|Any CPU
		{77242D47-2D50-478E-AB26-0616065BED44}.Debug|Any CPU.ActiveCfg = Debug|Any CPU
		{77242D47-2D50-478E-AB26-0616065BED44}.Debug|Any CPU.Build.0 = Debug|Any CPU
		{77242D47-2D50-478E-AB26-0616065BED44}.Release|Any CPU.ActiveCfg = Release|Any CPU
		{77242D47-2D50-478E-AB26-0616065BED44}.Release|Any CPU.Build.0 = Release|Any CPU
		{5B6E6421-DC2B-4BA1-A48A-FD3C7F628DE8}.Debug|Any CPU.ActiveCfg = Debug|Any CPU
		{5B6E6421-DC2B-4BA1-A48A-FD3C7F628DE8}.Debug|Any CPU.Build.0 = Debug|Any CPU
		{5B6E6421-DC2B-4BA1-A48A-FD3C7F628DE8}.Release|Any CPU.ActiveCfg = Release|Any CPU
		{5B6E6421-DC2B-4BA1-A48A-FD3C7F628DE8}.Release|Any CPU.Build.0 = Release|Any CPU
		{BD1F3EE5-5521-4AD3-B299-336156763F92}.Debug|Any CPU.ActiveCfg = Debug|Any CPU
		{BD1F3EE5-5521-4AD3-B299-336156763F92}.Debug|Any CPU.Build.0 = Debug|Any CPU
		{BD1F3EE5-5521-4AD3-B299-336156763F92}.Release|Any CPU.ActiveCfg = Release|Any CPU
		{BD1F3EE5-5521-4AD3-B299-336156763F92}.Release|Any CPU.Build.0 = Release|Any CPU
		{8CA6AE31-2649-4088-9690-28C0085D8836}.Debug|Any CPU.ActiveCfg = Debug|Any CPU
		{8CA6AE31-2649-4088-9690-28C0085D8836}.Debug|Any CPU.Build.0 = Debug|Any CPU
		{8CA6AE31-2649-4088-9690-28C0085D8836}.Release|Any CPU.ActiveCfg = Release|Any CPU
		{8CA6AE31-2649-4088-9690-28C0085D8836}.Release|Any CPU.Build.0 = Release|Any CPU
		{314ED51D-14E4-4363-9BF1-60465550480E}.Debug|Any CPU.ActiveCfg = Debug|Any CPU
		{314ED51D-14E4-4363-9BF1-60465550480E}.Debug|Any CPU.Build.0 = Debug|Any CPU
		{314ED51D-14E4-4363-9BF1-60465550480E}.Release|Any CPU.ActiveCfg = Release|Any CPU
		{314ED51D-14E4-4363-9BF1-60465550480E}.Release|Any CPU.Build.0 = Release|Any CPU
	EndGlobalSection
	GlobalSection(SolutionProperties) = preSolution
		HideSolutionNode = FALSE
	EndGlobalSection
	GlobalSection(ExtensibilityGlobals) = postSolution
		SolutionGuid = {1777E46C-5A4D-461D-9AF2-4F4B613C9A23}
	EndGlobalSection
EndGlobal
